
Microsoft Visual Studio Solution File, Format Version 12.00
# Visual Studio Version 17
VisualStudioVersion = 17.1.32421.90
MinimumVisualStudioVersion = 10.0.40219.1
Project("{FAE04EC0-301F-11D3-BF4B-00C04F79EFBC}") = "Exercicio 5", "Exercicio 5.csproj", "{67839E53-496E-4312-BB0C-ACFBAD64A346}"
EndProject
Global
	GlobalSection(SolutionConfigurationPlatforms) = preSolution
		Debug|Any CPU = Debug|Any CPU
		Release|Any CPU = Release|Any CPU
	EndGlobalSection
	GlobalSection(ProjectConfigurationPlatforms) = postSolution
		{67839E53-496E-4312-BB0C-ACFBAD64A346}.Debug|Any CPU.ActiveCfg = Debug|Any CPU
		{67839E53-496E-4312-BB0C-ACFBAD64A346}.Debug|Any CPU.Build.0 = Debug|Any CPU
		{67839E53-496E-4312-BB0C-ACFBAD64A346}.Release|Any CPU.ActiveCfg = Release|Any CPU
		{67839E53-496E-4312-BB0C-ACFBAD64A346}.Release|Any CPU.Build.0 = Release|Any CPU
	EndGlobalSection
	GlobalSection(SolutionProperties) = preSolution
		HideSolutionNode = FALSE
	EndGlobalSection
	GlobalSection(ExtensibilityGlobals) = postSolution
		SolutionGuid = {0FA1A517-EDFC-45E5-917F-909CCC0CCAB1}
	EndGlobalSection
EndGlobal
