
Microsoft Visual Studio Solution File, Format Version 12.00
# Visual Studio Version 17
VisualStudioVersion = 17.1.32421.90
MinimumVisualStudioVersion = 10.0.40219.1
Project("{FAE04EC0-301F-11D3-BF4B-00C04F79EFBC}") = "ExercícioRepetiçãoDesafio 3", "ExercícioRepetiçãoDesafio 3.csproj", "{763E507D-9D41-4BC3-8E37-860466F27F7D}"
EndProject
Global
	GlobalSection(SolutionConfigurationPlatforms) = preSolution
		Debug|Any CPU = Debug|Any CPU
		Release|Any CPU = Release|Any CPU
	EndGlobalSection
	GlobalSection(ProjectConfigurationPlatforms) = postSolution
		{763E507D-9D41-4BC3-8E37-860466F27F7D}.Debug|Any CPU.ActiveCfg = Debug|Any CPU
		{763E507D-9D41-4BC3-8E37-860466F27F7D}.Debug|Any CPU.Build.0 = Debug|Any CPU
		{763E507D-9D41-4BC3-8E37-860466F27F7D}.Release|Any CPU.ActiveCfg = Release|Any CPU
		{763E507D-9D41-4BC3-8E37-860466F27F7D}.Release|Any CPU.Build.0 = Release|Any CPU
	EndGlobalSection
	GlobalSection(SolutionProperties) = preSolution
		HideSolutionNode = FALSE
	EndGlobalSection
	GlobalSection(ExtensibilityGlobals) = postSolution
		SolutionGuid = {AB70D0C5-5FA1-4263-9FEE-DB9D00476CD0}
	EndGlobalSection
EndGlobal
