
Microsoft Visual Studio Solution File, Format Version 12.00
# Visual Studio Version 17
VisualStudioVersion = 17.1.32421.90
MinimumVisualStudioVersion = 10.0.40219.1
Project("{FAE04EC0-301F-11D3-BF4B-00C04F79EFBC}") = "Exercicio 6", "Exercicio 6.csproj", "{A07E4B5F-F4B6-4C18-B3E4-248EF53CB9F8}"
EndProject
Global
	GlobalSection(SolutionConfigurationPlatforms) = preSolution
		Debug|Any CPU = Debug|Any CPU
		Release|Any CPU = Release|Any CPU
	EndGlobalSection
	GlobalSection(ProjectConfigurationPlatforms) = postSolution
		{A07E4B5F-F4B6-4C18-B3E4-248EF53CB9F8}.Debug|Any CPU.ActiveCfg = Debug|Any CPU
		{A07E4B5F-F4B6-4C18-B3E4-248EF53CB9F8}.Debug|Any CPU.Build.0 = Debug|Any CPU
		{A07E4B5F-F4B6-4C18-B3E4-248EF53CB9F8}.Release|Any CPU.ActiveCfg = Release|Any CPU
		{A07E4B5F-F4B6-4C18-B3E4-248EF53CB9F8}.Release|Any CPU.Build.0 = Release|Any CPU
	EndGlobalSection
	GlobalSection(SolutionProperties) = preSolution
		HideSolutionNode = FALSE
	EndGlobalSection
	GlobalSection(ExtensibilityGlobals) = postSolution
		SolutionGuid = {EF1BC0BC-7BC8-4DD7-BBB4-02EC8F7BD467}
	EndGlobalSection
EndGlobal
