
Microsoft Visual Studio Solution File, Format Version 12.00
# Visual Studio Version 17
VisualStudioVersion = 17.1.32421.90
MinimumVisualStudioVersion = 10.0.40219.1
Project("{FAE04EC0-301F-11D3-BF4B-00C04F79EFBC}") = "ExercícioRepetição 14", "ExercícioRepetição 14.csproj", "{091DF84A-24F4-4AE7-ABDC-7B0EEF1A0F12}"
EndProject
Global
	GlobalSection(SolutionConfigurationPlatforms) = preSolution
		Debug|Any CPU = Debug|Any CPU
		Release|Any CPU = Release|Any CPU
	EndGlobalSection
	GlobalSection(ProjectConfigurationPlatforms) = postSolution
		{091DF84A-24F4-4AE7-ABDC-7B0EEF1A0F12}.Debug|Any CPU.ActiveCfg = Debug|Any CPU
		{091DF84A-24F4-4AE7-ABDC-7B0EEF1A0F12}.Debug|Any CPU.Build.0 = Debug|Any CPU
		{091DF84A-24F4-4AE7-ABDC-7B0EEF1A0F12}.Release|Any CPU.ActiveCfg = Release|Any CPU
		{091DF84A-24F4-4AE7-ABDC-7B0EEF1A0F12}.Release|Any CPU.Build.0 = Release|Any CPU
	EndGlobalSection
	GlobalSection(SolutionProperties) = preSolution
		HideSolutionNode = FALSE
	EndGlobalSection
	GlobalSection(ExtensibilityGlobals) = postSolution
		SolutionGuid = {584C9618-A5DB-4CFF-9575-1CBD80D8B44A}
	EndGlobalSection
EndGlobal
