
Microsoft Visual Studio Solution File, Format Version 12.00
# Visual Studio Version 17
VisualStudioVersion = 17.1.32421.90
MinimumVisualStudioVersion = 10.0.40219.1
Project("{FAE04EC0-301F-11D3-BF4B-00C04F79EFBC}") = "ExercícioRepetição 1", "ExercícioRepetição 1.csproj", "{6657F92C-D674-4A15-BB91-EDD619A26CE8}"
EndProject
Global
	GlobalSection(SolutionConfigurationPlatforms) = preSolution
		Debug|Any CPU = Debug|Any CPU
		Release|Any CPU = Release|Any CPU
	EndGlobalSection
	GlobalSection(ProjectConfigurationPlatforms) = postSolution
		{6657F92C-D674-4A15-BB91-EDD619A26CE8}.Debug|Any CPU.ActiveCfg = Debug|Any CPU
		{6657F92C-D674-4A15-BB91-EDD619A26CE8}.Debug|Any CPU.Build.0 = Debug|Any CPU
		{6657F92C-D674-4A15-BB91-EDD619A26CE8}.Release|Any CPU.ActiveCfg = Release|Any CPU
		{6657F92C-D674-4A15-BB91-EDD619A26CE8}.Release|Any CPU.Build.0 = Release|Any CPU
	EndGlobalSection
	GlobalSection(SolutionProperties) = preSolution
		HideSolutionNode = FALSE
	EndGlobalSection
	GlobalSection(ExtensibilityGlobals) = postSolution
		SolutionGuid = {A3D96DEF-935B-4EFB-B1C8-01E747E2031F}
	EndGlobalSection
EndGlobal
