
Microsoft Visual Studio Solution File, Format Version 12.00
# Visual Studio Version 17
VisualStudioVersion = 17.1.32421.90
MinimumVisualStudioVersion = 10.0.40219.1
Project("{FAE04EC0-301F-11D3-BF4B-00C04F79EFBC}") = "Drop6_ListaArquivoEscrito", "Drop6_ListaArquivoEscrito.csproj", "{B7D20744-C5E5-426F-9D68-8478FBAF0041}"
EndProject
Global
	GlobalSection(SolutionConfigurationPlatforms) = preSolution
		Debug|Any CPU = Debug|Any CPU
		Release|Any CPU = Release|Any CPU
	EndGlobalSection
	GlobalSection(ProjectConfigurationPlatforms) = postSolution
		{B7D20744-C5E5-426F-9D68-8478FBAF0041}.Debug|Any CPU.ActiveCfg = Debug|Any CPU
		{B7D20744-C5E5-426F-9D68-8478FBAF0041}.Debug|Any CPU.Build.0 = Debug|Any CPU
		{B7D20744-C5E5-426F-9D68-8478FBAF0041}.Release|Any CPU.ActiveCfg = Release|Any CPU
		{B7D20744-C5E5-426F-9D68-8478FBAF0041}.Release|Any CPU.Build.0 = Release|Any CPU
	EndGlobalSection
	GlobalSection(SolutionProperties) = preSolution
		HideSolutionNode = FALSE
	EndGlobalSection
	GlobalSection(ExtensibilityGlobals) = postSolution
		SolutionGuid = {87E2A3EE-61F2-439B-A7C0-8BFD44667F24}
	EndGlobalSection
EndGlobal
