
Microsoft Visual Studio Solution File, Format Version 12.00
# Visual Studio Version 17
VisualStudioVersion = 17.1.32421.90
MinimumVisualStudioVersion = 10.0.40219.1
Project("{9A19103F-16F7-4668-BE54-9A1E7A4F7556}") = "Exercício 6 de 20", "Exercício 6 de 20.csproj", "{5E8ADFEC-A7D5-4DDE-B8A6-E30CEA044FD1}"
EndProject
Global
	GlobalSection(SolutionConfigurationPlatforms) = preSolution
		Debug|Any CPU = Debug|Any CPU
		Release|Any CPU = Release|Any CPU
	EndGlobalSection
	GlobalSection(ProjectConfigurationPlatforms) = postSolution
		{5E8ADFEC-A7D5-4DDE-B8A6-E30CEA044FD1}.Debug|Any CPU.ActiveCfg = Debug|Any CPU
		{5E8ADFEC-A7D5-4DDE-B8A6-E30CEA044FD1}.Debug|Any CPU.Build.0 = Debug|Any CPU
		{5E8ADFEC-A7D5-4DDE-B8A6-E30CEA044FD1}.Release|Any CPU.ActiveCfg = Release|Any CPU
		{5E8ADFEC-A7D5-4DDE-B8A6-E30CEA044FD1}.Release|Any CPU.Build.0 = Release|Any CPU
	EndGlobalSection
	GlobalSection(SolutionProperties) = preSolution
		HideSolutionNode = FALSE
	EndGlobalSection
	GlobalSection(ExtensibilityGlobals) = postSolution
		SolutionGuid = {3D893B36-1A12-41A5-9834-23FAEA96D85D}
	EndGlobalSection
EndGlobal
