
Microsoft Visual Studio Solution File, Format Version 12.00
# Visual Studio Version 17
VisualStudioVersion = 17.1.32421.90
MinimumVisualStudioVersion = 10.0.40219.1
Project("{FAE04EC0-301F-11D3-BF4B-00C04F79EFBC}") = "ExercícioRepetição 15", "ExercícioRepetição 15.csproj", "{04CCA41D-A293-48E3-8D7D-EED5DD7B837D}"
EndProject
Global
	GlobalSection(SolutionConfigurationPlatforms) = preSolution
		Debug|Any CPU = Debug|Any CPU
		Release|Any CPU = Release|Any CPU
	EndGlobalSection
	GlobalSection(ProjectConfigurationPlatforms) = postSolution
		{04CCA41D-A293-48E3-8D7D-EED5DD7B837D}.Debug|Any CPU.ActiveCfg = Debug|Any CPU
		{04CCA41D-A293-48E3-8D7D-EED5DD7B837D}.Debug|Any CPU.Build.0 = Debug|Any CPU
		{04CCA41D-A293-48E3-8D7D-EED5DD7B837D}.Release|Any CPU.ActiveCfg = Release|Any CPU
		{04CCA41D-A293-48E3-8D7D-EED5DD7B837D}.Release|Any CPU.Build.0 = Release|Any CPU
	EndGlobalSection
	GlobalSection(SolutionProperties) = preSolution
		HideSolutionNode = FALSE
	EndGlobalSection
	GlobalSection(ExtensibilityGlobals) = postSolution
		SolutionGuid = {D3401293-F86B-4A4E-A9D6-BB6A4C32DCF5}
	EndGlobalSection
EndGlobal
