
Microsoft Visual Studio Solution File, Format Version 12.00
# Visual Studio Version 17
VisualStudioVersion = 17.1.32421.90
MinimumVisualStudioVersion = 10.0.40219.1
Project("{FAE04EC0-301F-11D3-BF4B-00C04F79EFBC}") = "Exercício 4 de 5", "Exercício 4 de 5.csproj", "{B62C0A01-A78C-4AD8-A3B4-6AD6F7C22264}"
EndProject
Global
	GlobalSection(SolutionConfigurationPlatforms) = preSolution
		Debug|Any CPU = Debug|Any CPU
		Release|Any CPU = Release|Any CPU
	EndGlobalSection
	GlobalSection(ProjectConfigurationPlatforms) = postSolution
		{B62C0A01-A78C-4AD8-A3B4-6AD6F7C22264}.Debug|Any CPU.ActiveCfg = Debug|Any CPU
		{B62C0A01-A78C-4AD8-A3B4-6AD6F7C22264}.Debug|Any CPU.Build.0 = Debug|Any CPU
		{B62C0A01-A78C-4AD8-A3B4-6AD6F7C22264}.Release|Any CPU.ActiveCfg = Release|Any CPU
		{B62C0A01-A78C-4AD8-A3B4-6AD6F7C22264}.Release|Any CPU.Build.0 = Release|Any CPU
	EndGlobalSection
	GlobalSection(SolutionProperties) = preSolution
		HideSolutionNode = FALSE
	EndGlobalSection
	GlobalSection(ExtensibilityGlobals) = postSolution
		SolutionGuid = {CFC13051-ED09-45C2-8028-B07CCBEDFB54}
	EndGlobalSection
EndGlobal
