
Microsoft Visual Studio Solution File, Format Version 12.00
# Visual Studio Version 17
VisualStudioVersion = 17.1.32421.90
MinimumVisualStudioVersion = 10.0.40219.1
Project("{FAE04EC0-301F-11D3-BF4B-00C04F79EFBC}") = "Exercicio 3", "Exercicio 3.csproj", "{E9E80444-8000-4999-B710-EAD84B4686F3}"
EndProject
Global
	GlobalSection(SolutionConfigurationPlatforms) = preSolution
		Debug|Any CPU = Debug|Any CPU
		Release|Any CPU = Release|Any CPU
	EndGlobalSection
	GlobalSection(ProjectConfigurationPlatforms) = postSolution
		{E9E80444-8000-4999-B710-EAD84B4686F3}.Debug|Any CPU.ActiveCfg = Debug|Any CPU
		{E9E80444-8000-4999-B710-EAD84B4686F3}.Debug|Any CPU.Build.0 = Debug|Any CPU
		{E9E80444-8000-4999-B710-EAD84B4686F3}.Release|Any CPU.ActiveCfg = Release|Any CPU
		{E9E80444-8000-4999-B710-EAD84B4686F3}.Release|Any CPU.Build.0 = Release|Any CPU
	EndGlobalSection
	GlobalSection(SolutionProperties) = preSolution
		HideSolutionNode = FALSE
	EndGlobalSection
	GlobalSection(ExtensibilityGlobals) = postSolution
		SolutionGuid = {569D02B9-62A4-47FA-85AC-AA05D7E8063B}
	EndGlobalSection
EndGlobal
