
Microsoft Visual Studio Solution File, Format Version 12.00
# Visual Studio Version 17
VisualStudioVersion = 17.1.32421.90
MinimumVisualStudioVersion = 10.0.40219.1
Project("{FAE04EC0-301F-11D3-BF4B-00C04F79EFBC}") = "Exercício 13 de 20", "Exercício 13 de 20.csproj", "{7D2E1D6F-EE69-4D9F-B485-D29FF8533D04}"
EndProject
Global
	GlobalSection(SolutionConfigurationPlatforms) = preSolution
		Debug|Any CPU = Debug|Any CPU
		Release|Any CPU = Release|Any CPU
	EndGlobalSection
	GlobalSection(ProjectConfigurationPlatforms) = postSolution
		{7D2E1D6F-EE69-4D9F-B485-D29FF8533D04}.Debug|Any CPU.ActiveCfg = Debug|Any CPU
		{7D2E1D6F-EE69-4D9F-B485-D29FF8533D04}.Debug|Any CPU.Build.0 = Debug|Any CPU
		{7D2E1D6F-EE69-4D9F-B485-D29FF8533D04}.Release|Any CPU.ActiveCfg = Release|Any CPU
		{7D2E1D6F-EE69-4D9F-B485-D29FF8533D04}.Release|Any CPU.Build.0 = Release|Any CPU
	EndGlobalSection
	GlobalSection(SolutionProperties) = preSolution
		HideSolutionNode = FALSE
	EndGlobalSection
	GlobalSection(ExtensibilityGlobals) = postSolution
		SolutionGuid = {911998EA-B900-4F1F-BB44-9E74DD39E72B}
	EndGlobalSection
EndGlobal
