
Microsoft Visual Studio Solution File, Format Version 12.00
# Visual Studio Version 17
VisualStudioVersion = 17.1.32421.90
MinimumVisualStudioVersion = 10.0.40219.1
Project("{FAE04EC0-301F-11D3-BF4B-00C04F79EFBC}") = "Exemplos Pr Ale", "Exemplos Pr Ale.csproj", "{85ABB333-F7E0-4A76-A072-47154313F65F}"
EndProject
Global
	GlobalSection(SolutionConfigurationPlatforms) = preSolution
		Debug|Any CPU = Debug|Any CPU
		Release|Any CPU = Release|Any CPU
	EndGlobalSection
	GlobalSection(ProjectConfigurationPlatforms) = postSolution
		{85ABB333-F7E0-4A76-A072-47154313F65F}.Debug|Any CPU.ActiveCfg = Debug|Any CPU
		{85ABB333-F7E0-4A76-A072-47154313F65F}.Debug|Any CPU.Build.0 = Debug|Any CPU
		{85ABB333-F7E0-4A76-A072-47154313F65F}.Release|Any CPU.ActiveCfg = Release|Any CPU
		{85ABB333-F7E0-4A76-A072-47154313F65F}.Release|Any CPU.Build.0 = Release|Any CPU
	EndGlobalSection
	GlobalSection(SolutionProperties) = preSolution
		HideSolutionNode = FALSE
	EndGlobalSection
	GlobalSection(ExtensibilityGlobals) = postSolution
		SolutionGuid = {14ABFB5D-1F4E-49D7-8CBC-4E1D139FF399}
	EndGlobalSection
EndGlobal
