
Microsoft Visual Studio Solution File, Format Version 12.00
# Visual Studio Version 17
VisualStudioVersion = 17.1.32421.90
MinimumVisualStudioVersion = 10.0.40219.1
Project("{FAE04EC0-301F-11D3-BF4B-00C04F79EFBC}") = "Pitadas de Classes", "Pitadas de Classes.csproj", "{3D6ECF67-15AB-44D2-8305-3DF07CC67044}"
EndProject
Global
	GlobalSection(SolutionConfigurationPlatforms) = preSolution
		Debug|Any CPU = Debug|Any CPU
		Release|Any CPU = Release|Any CPU
	EndGlobalSection
	GlobalSection(ProjectConfigurationPlatforms) = postSolution
		{3D6ECF67-15AB-44D2-8305-3DF07CC67044}.Debug|Any CPU.ActiveCfg = Debug|Any CPU
		{3D6ECF67-15AB-44D2-8305-3DF07CC67044}.Debug|Any CPU.Build.0 = Debug|Any CPU
		{3D6ECF67-15AB-44D2-8305-3DF07CC67044}.Release|Any CPU.ActiveCfg = Release|Any CPU
		{3D6ECF67-15AB-44D2-8305-3DF07CC67044}.Release|Any CPU.Build.0 = Release|Any CPU
	EndGlobalSection
	GlobalSection(SolutionProperties) = preSolution
		HideSolutionNode = FALSE
	EndGlobalSection
	GlobalSection(ExtensibilityGlobals) = postSolution
		SolutionGuid = {D8D09575-8AE8-44AF-8491-B1145FB61630}
	EndGlobalSection
EndGlobal
