
Microsoft Visual Studio Solution File, Format Version 12.00
# Visual Studio Version 17
VisualStudioVersion = 17.1.32421.90
MinimumVisualStudioVersion = 10.0.40219.1
Project("{FAE04EC0-301F-11D3-BF4B-00C04F79EFBC}") = "ExercícioDivisivel", "ExercícioDivisivel.csproj", "{5462F587-1C77-4F65-9158-7F8FCCB5F5A2}"
EndProject
Global
	GlobalSection(SolutionConfigurationPlatforms) = preSolution
		Debug|Any CPU = Debug|Any CPU
		Release|Any CPU = Release|Any CPU
	EndGlobalSection
	GlobalSection(ProjectConfigurationPlatforms) = postSolution
		{5462F587-1C77-4F65-9158-7F8FCCB5F5A2}.Debug|Any CPU.ActiveCfg = Debug|Any CPU
		{5462F587-1C77-4F65-9158-7F8FCCB5F5A2}.Debug|Any CPU.Build.0 = Debug|Any CPU
		{5462F587-1C77-4F65-9158-7F8FCCB5F5A2}.Release|Any CPU.ActiveCfg = Release|Any CPU
		{5462F587-1C77-4F65-9158-7F8FCCB5F5A2}.Release|Any CPU.Build.0 = Release|Any CPU
	EndGlobalSection
	GlobalSection(SolutionProperties) = preSolution
		HideSolutionNode = FALSE
	EndGlobalSection
	GlobalSection(ExtensibilityGlobals) = postSolution
		SolutionGuid = {8A72B73F-AA11-4BAB-AABC-7726E322CFED}
	EndGlobalSection
EndGlobal
