
Microsoft Visual Studio Solution File, Format Version 12.00
# Visual Studio Version 17
VisualStudioVersion = 17.1.32421.90
MinimumVisualStudioVersion = 10.0.40219.1
Project("{FAE04EC0-301F-11D3-BF4B-00C04F79EFBC}") = "Exercício 3 de 5", "Exercício 3 de 5.csproj", "{0AA56C96-E1AC-48EA-9EC4-7372F363D0CD}"
EndProject
Global
	GlobalSection(SolutionConfigurationPlatforms) = preSolution
		Debug|Any CPU = Debug|Any CPU
		Release|Any CPU = Release|Any CPU
	EndGlobalSection
	GlobalSection(ProjectConfigurationPlatforms) = postSolution
		{0AA56C96-E1AC-48EA-9EC4-7372F363D0CD}.Debug|Any CPU.ActiveCfg = Debug|Any CPU
		{0AA56C96-E1AC-48EA-9EC4-7372F363D0CD}.Debug|Any CPU.Build.0 = Debug|Any CPU
		{0AA56C96-E1AC-48EA-9EC4-7372F363D0CD}.Release|Any CPU.ActiveCfg = Release|Any CPU
		{0AA56C96-E1AC-48EA-9EC4-7372F363D0CD}.Release|Any CPU.Build.0 = Release|Any CPU
	EndGlobalSection
	GlobalSection(SolutionProperties) = preSolution
		HideSolutionNode = FALSE
	EndGlobalSection
	GlobalSection(ExtensibilityGlobals) = postSolution
		SolutionGuid = {E5C1FE38-C01C-4549-BE68-87A78B1E5F61}
	EndGlobalSection
EndGlobal
