
Microsoft Visual Studio Solution File, Format Version 12.00
# Visual Studio Version 17
VisualStudioVersion = 17.1.32421.90
MinimumVisualStudioVersion = 10.0.40219.1
Project("{FAE04EC0-301F-11D3-BF4B-00C04F79EFBC}") = "Exercício 5 de 5", "Exercício 5 de 5.csproj", "{A43CF265-AB7D-4A31-A063-DAAA1283372C}"
EndProject
Global
	GlobalSection(SolutionConfigurationPlatforms) = preSolution
		Debug|Any CPU = Debug|Any CPU
		Release|Any CPU = Release|Any CPU
	EndGlobalSection
	GlobalSection(ProjectConfigurationPlatforms) = postSolution
		{A43CF265-AB7D-4A31-A063-DAAA1283372C}.Debug|Any CPU.ActiveCfg = Debug|Any CPU
		{A43CF265-AB7D-4A31-A063-DAAA1283372C}.Debug|Any CPU.Build.0 = Debug|Any CPU
		{A43CF265-AB7D-4A31-A063-DAAA1283372C}.Release|Any CPU.ActiveCfg = Release|Any CPU
		{A43CF265-AB7D-4A31-A063-DAAA1283372C}.Release|Any CPU.Build.0 = Release|Any CPU
	EndGlobalSection
	GlobalSection(SolutionProperties) = preSolution
		HideSolutionNode = FALSE
	EndGlobalSection
	GlobalSection(ExtensibilityGlobals) = postSolution
		SolutionGuid = {E7B4B98C-8E13-4814-B002-9D9968E695BD}
	EndGlobalSection
EndGlobal
