
Microsoft Visual Studio Solution File, Format Version 12.00
# Visual Studio Version 17
VisualStudioVersion = 17.1.32421.90
MinimumVisualStudioVersion = 10.0.40219.1
Project("{FAE04EC0-301F-11D3-BF4B-00C04F79EFBC}") = "Drop1_Glicemia", "Drop1_Glicemia.csproj", "{9A81A838-1110-4F3A-8A89-01FAEB7DAE99}"
EndProject
Global
	GlobalSection(SolutionConfigurationPlatforms) = preSolution
		Debug|Any CPU = Debug|Any CPU
		Release|Any CPU = Release|Any CPU
	EndGlobalSection
	GlobalSection(ProjectConfigurationPlatforms) = postSolution
		{9A81A838-1110-4F3A-8A89-01FAEB7DAE99}.Debug|Any CPU.ActiveCfg = Debug|Any CPU
		{9A81A838-1110-4F3A-8A89-01FAEB7DAE99}.Debug|Any CPU.Build.0 = Debug|Any CPU
		{9A81A838-1110-4F3A-8A89-01FAEB7DAE99}.Release|Any CPU.ActiveCfg = Release|Any CPU
		{9A81A838-1110-4F3A-8A89-01FAEB7DAE99}.Release|Any CPU.Build.0 = Release|Any CPU
	EndGlobalSection
	GlobalSection(SolutionProperties) = preSolution
		HideSolutionNode = FALSE
	EndGlobalSection
	GlobalSection(ExtensibilityGlobals) = postSolution
		SolutionGuid = {4C162267-77AF-42C5-A325-F7FE52C81619}
	EndGlobalSection
EndGlobal
