
Microsoft Visual Studio Solution File, Format Version 12.00
# Visual Studio Version 17
VisualStudioVersion = 17.1.32421.90
MinimumVisualStudioVersion = 10.0.40219.1
Project("{FAE04EC0-301F-11D3-BF4B-00C04F79EFBC}") = "ExercícioRepetição 19", "ExercícioRepetição 19.csproj", "{45D1D3D3-1A0C-43DA-858A-BC88EA69A408}"
EndProject
Global
	GlobalSection(SolutionConfigurationPlatforms) = preSolution
		Debug|Any CPU = Debug|Any CPU
		Release|Any CPU = Release|Any CPU
	EndGlobalSection
	GlobalSection(ProjectConfigurationPlatforms) = postSolution
		{45D1D3D3-1A0C-43DA-858A-BC88EA69A408}.Debug|Any CPU.ActiveCfg = Debug|Any CPU
		{45D1D3D3-1A0C-43DA-858A-BC88EA69A408}.Debug|Any CPU.Build.0 = Debug|Any CPU
		{45D1D3D3-1A0C-43DA-858A-BC88EA69A408}.Release|Any CPU.ActiveCfg = Release|Any CPU
		{45D1D3D3-1A0C-43DA-858A-BC88EA69A408}.Release|Any CPU.Build.0 = Release|Any CPU
	EndGlobalSection
	GlobalSection(SolutionProperties) = preSolution
		HideSolutionNode = FALSE
	EndGlobalSection
	GlobalSection(ExtensibilityGlobals) = postSolution
		SolutionGuid = {00A11AB4-72D0-49EC-8FD6-939B800ACAC6}
	EndGlobalSection
EndGlobal
