
Microsoft Visual Studio Solution File, Format Version 12.00
# Visual Studio Version 17
VisualStudioVersion = 17.1.32421.90
MinimumVisualStudioVersion = 10.0.40219.1
Project("{FAE04EC0-301F-11D3-BF4B-00C04F79EFBC}") = "Exercício 19 de 20", "Exercício 19 de 20.csproj", "{C62753ED-569E-4A07-B6C5-7A859353141C}"
EndProject
Global
	GlobalSection(SolutionConfigurationPlatforms) = preSolution
		Debug|Any CPU = Debug|Any CPU
		Release|Any CPU = Release|Any CPU
	EndGlobalSection
	GlobalSection(ProjectConfigurationPlatforms) = postSolution
		{C62753ED-569E-4A07-B6C5-7A859353141C}.Debug|Any CPU.ActiveCfg = Debug|Any CPU
		{C62753ED-569E-4A07-B6C5-7A859353141C}.Debug|Any CPU.Build.0 = Debug|Any CPU
		{C62753ED-569E-4A07-B6C5-7A859353141C}.Release|Any CPU.ActiveCfg = Release|Any CPU
		{C62753ED-569E-4A07-B6C5-7A859353141C}.Release|Any CPU.Build.0 = Release|Any CPU
	EndGlobalSection
	GlobalSection(SolutionProperties) = preSolution
		HideSolutionNode = FALSE
	EndGlobalSection
	GlobalSection(ExtensibilityGlobals) = postSolution
		SolutionGuid = {2C63C981-10F0-4F4C-8654-88F2564BA910}
	EndGlobalSection
EndGlobal
